{
    "_readme": [
        "This file locks the dependencies of your project to a known state",
        "Read more about it at http://getcomposer.org/doc/01-basic-usage.md#composer-lock-the-lock-file",
        "This file is @generated automatically"
    ],
    "hash": "6f7daae18347d3e21ed7c6e2a34bd8eb",
    "packages": [
        {
            "name": "mnsami/composer-custom-directory-installer",
            "version": "1.0.3",
            "source": {
                "type": "git",
                "url": "https://github.com/mnsami/composer-custom-directory-installer.git",
                "reference": "f2247c448aa61e5d664083e9126629c3767a432e"
            },
            "dist": {
                "type": "zip",
                "url": "https://api.github.com/repos/mnsami/composer-custom-directory-installer/zipball/f2247c448aa61e5d664083e9126629c3767a432e",
                "reference": "f2247c448aa61e5d664083e9126629c3767a432e",
                "shasum": ""
            },
            "require": {
                "composer-plugin-api": "*",
                "php": ">=5.3"
            },
            "type": "composer-plugin",
            "extra": {
                "class": [
                    "Composer\\CustomDirectoryInstaller\\LibraryPlugin",
                    "Composer\\CustomDirectoryInstaller\\PearPlugin"
                ],
                "branch-alias": {
                    "dev-master": "1.0.x-dev"
                }
            },
            "autoload": {
                "psr-0": {
                    "Composer\\CustomDirectoryInstaller": "src/"
                }
            },
            "notification-url": "https://packagist.org/downloads/",
            "license": [
                "MIT"
            ],
            "authors": [
                {
                    "name": "Mina Nabil Sami",
                    "email": "mina.nsami@gmail.com"
                }
            ],
            "description": "A composer plugin, to help install packages of different types in custom paths.",
            "keywords": [
                "composer",
                "composer-installer",
                "composer-plugin"
            ],
            "time": "2014-10-04 22:18:00"
        },
        {
            "name": "valendesigns/option-tree",
            "version": "v2.4.6",
            "source": {
                "type": "git",
                "url": "https://github.com/valendesigns/option-tree.git",
                "reference": "175f5d4df5a3be14d51ff568a66e0cb0759b2847"
            },
            "dist": {
                "type": "zip",
                "url": "https://api.github.com/repos/valendesigns/option-tree/zipball/175f5d4df5a3be14d51ff568a66e0cb0759b2847",
                "reference": "175f5d4df5a3be14d51ff568a66e0cb0759b2847",
                "shasum": ""
            },
            "type": "library",
            "autoload": {
                "files": [
                    "ot-loader.php"
                ]
            },
            "notification-url": "https://packagist.org/downloads/",
            "authors": [
                {
                    "name": "Derek Herman",
                    "email": "derek@valendesigns.com"
                }
            ],
            "description": "Theme Options UI Builder for WordPress.",
            "time": "2014-11-21 07:17:44"
        }
    ],
    "packages-dev": [],
    "aliases": [],
    "minimum-stability": "stable",
    "stability-flags": [],
    "prefer-stable": false,
    "prefer-lowest": false,
    "platform": [],
    "platform-dev": []
}
